// !$*UTF8*$!
{
	archiveVersion = 1;
	classes = {
	};
	objectVersion = 50;
	objects = {

/* Begin PBXBuildFile section */
		4C0F7831262B9F10001C26A5 /* FileControl.swift in Sources */ = {isa = PBXBuildFile; fileRef = 4C0F7830262B9F10001C26A5 /* FileControl.swift */; };
		4C21D42626586CDB00116116 /* CustomMenuView.swift in Sources */ = {isa = PBXBuildFile; fileRef = 4C21D42526586CDB00116116 /* CustomMenuView.swift */; };
		4C21D428265872E100116116 /* ArrangeMenuView.swift in Sources */ = {isa = PBXBuildFile; fileRef = 4C21D427265872E100116116 /* ArrangeMenuView.swift */; };
		4C50EEF7261F50920096D630 /* WallshapesViewController.swift in Sources */ = {isa = PBXBuildFile; fileRef = 4C50EEF6261F50920096D630 /* WallshapesViewController.swift */; };
		4C51FFA1260413320064CE04 /* ShapeViewControl.swift in Sources */ = {isa = PBXBuildFile; fileRef = 4C51FFA0260413320064CE04 /* ShapeViewControl.swift */; };
		4C51FFA92605214F0064CE04 /* MiddleIndicatorView.swift in Sources */ = {isa = PBXBuildFile; fileRef = 4C51FFA82605214F0064CE04 /* MiddleIndicatorView.swift */; };
		4C570DBA262F369300FF2AF8 /* WallshapeViewControl.swift in Sources */ = {isa = PBXBuildFile; fileRef = 4C570DB9262F369300FF2AF8 /* WallshapeViewControl.swift */; };
		4C5E8AA72627A62A00247C9F /* SaveImageHandlerError.swift in Sources */ = {isa = PBXBuildFile; fileRef = 4C5E8AA62627A62A00247C9F /* SaveImageHandlerError.swift */; };
		4C5E8AAF2629AFEE00247C9F /* JsonControl.swift in Sources */ = {isa = PBXBuildFile; fileRef = 4C5E8AAE2629AFEE00247C9F /* JsonControl.swift */; };
		4C5E8AB32629B02400247C9F /* Codable+Extension.swift in Sources */ = {isa = PBXBuildFile; fileRef = 4C5E8AB22629B02400247C9F /* Codable+Extension.swift */; };
		4C5E8AB62629B05600247C9F /* WallshapeData.swift in Sources */ = {isa = PBXBuildFile; fileRef = 4C5E8AB52629B05600247C9F /* WallshapeData.swift */; };
		4C5E8ABE2629BD2800247C9F /* wallshape.json in Resources */ = {isa = PBXBuildFile; fileRef = 4C5E8AAD2629AF3D00247C9F /* wallshape.json */; };
		4C5E8AC22629C25200247C9F /* WallshapeModelHandler.swift in Sources */ = {isa = PBXBuildFile; fileRef = 4C5E8AC12629C25200247C9F /* WallshapeModelHandler.swift */; };
		4C6D313926B4889B00486429 /* LayoutShapeView.swift in Sources */ = {isa = PBXBuildFile; fileRef = 4C6D313826B4889B00486429 /* LayoutShapeView.swift */; };
		4C8092D5264B49E600DDD590 /* UIButton+Extension.swift in Sources */ = {isa = PBXBuildFile; fileRef = 4C8092D4264B49E600DDD590 /* UIButton+Extension.swift */; };
		4C837A722661782C001869DA /* MainMenuView.swift in Sources */ = {isa = PBXBuildFile; fileRef = 4C837A712661782C001869DA /* MainMenuView.swift */; };
		4C83C27D266ABE61008E97FE /* GridControl.swift in Sources */ = {isa = PBXBuildFile; fileRef = 4C83C27C266ABE61008E97FE /* GridControl.swift */; };
		4C90E1B626308D0B0043696C /* ModelControl.swift in Sources */ = {isa = PBXBuildFile; fileRef = 4C90E1B526308D0B0043696C /* ModelControl.swift */; };
		4CB5EF4425ED88E800193A19 /* AppDelegate.swift in Sources */ = {isa = PBXBuildFile; fileRef = 4CB5EF4325ED88E800193A19 /* AppDelegate.swift */; };
		4CB5EF4625ED88E800193A19 /* SceneDelegate.swift in Sources */ = {isa = PBXBuildFile; fileRef = 4CB5EF4525ED88E800193A19 /* SceneDelegate.swift */; };
		4CB5EF4D25ED88EA00193A19 /* Assets.xcassets in Resources */ = {isa = PBXBuildFile; fileRef = 4CB5EF4C25ED88EA00193A19 /* Assets.xcassets */; };
		4CB5EF5025ED88EA00193A19 /* LaunchScreen.storyboard in Resources */ = {isa = PBXBuildFile; fileRef = 4CB5EF4E25ED88EA00193A19 /* LaunchScreen.storyboard */; };
		4CB5EF5E25ED8A0600193A19 /* Array+Extension.swift in Sources */ = {isa = PBXBuildFile; fileRef = 4CB5EF5D25ED8A0600193A19 /* Array+Extension.swift */; };
		4CB5EF6325ED8A2900193A19 /* UIImage+Extension.swift in Sources */ = {isa = PBXBuildFile; fileRef = 4CB5EF6225ED8A2900193A19 /* UIImage+Extension.swift */; };
		4CB5EF6825ED8A7200193A19 /* WallshapeView.swift in Sources */ = {isa = PBXBuildFile; fileRef = 4CB5EF6725ED8A7200193A19 /* WallshapeView.swift */; };
		4CB5EF6B25ED8A8300193A19 /* WallshapeModel.swift in Sources */ = {isa = PBXBuildFile; fileRef = 4CB5EF6A25ED8A8300193A19 /* WallshapeModel.swift */; };
		4CB5EF6E25ED8ABB00193A19 /* ShapeView.swift in Sources */ = {isa = PBXBuildFile; fileRef = 4CB5EF6D25ED8ABB00193A19 /* ShapeView.swift */; };
		4CB5EF7425ED8B4E00193A19 /* UIColor+Extension.swift in Sources */ = {isa = PBXBuildFile; fileRef = 4CB5EF7325ED8B4E00193A19 /* UIColor+Extension.swift */; };
		4CB5EF7925ED8BA100193A19 /* MenuShapeControl.swift in Sources */ = {isa = PBXBuildFile; fileRef = 4CB5EF7825ED8BA100193A19 /* MenuShapeControl.swift */; };
		4CB5EF7D25ED8BB500193A19 /* SlideMenu.swift in Sources */ = {isa = PBXBuildFile; fileRef = 4CB5EF7C25ED8BB500193A19 /* SlideMenu.swift */; };
		4CB5EF8525ED9F9F00193A19 /* ShapeGesturesControl.swift in Sources */ = {isa = PBXBuildFile; fileRef = 4CB5EF8425ED9F9F00193A19 /* ShapeGesturesControl.swift */; };
		4CB5EF8925F1537100193A19 /* CGPath+Extension.swift in Sources */ = {isa = PBXBuildFile; fileRef = 4CB5EF8825F1537100193A19 /* CGPath+Extension.swift */; };
		4CB5EF8C25F154D800193A19 /* UIView+Extension.swift in Sources */ = {isa = PBXBuildFile; fileRef = 4CB5EF8B25F154D800193A19 /* UIView+Extension.swift */; };
		4CB5EF9025F1570800193A19 /* CALayer+Extension.swift in Sources */ = {isa = PBXBuildFile; fileRef = 4CB5EF8F25F1570800193A19 /* CALayer+Extension.swift */; };
		4CB5EF9F25F670E900193A19 /* UIApplication+Extension.swift in Sources */ = {isa = PBXBuildFile; fileRef = 4CB5EF9E25F670E900193A19 /* UIApplication+Extension.swift */; };
		4CBE046F25FFCAD500C54C66 /* RenderIndicatorView.swift in Sources */ = {isa = PBXBuildFile; fileRef = 4CBE046E25FFCAD500C54C66 /* RenderIndicatorView.swift */; };
		4CD45EC8267D043700333086 /* ShapeMenuView.swift in Sources */ = {isa = PBXBuildFile; fileRef = 4CD45EC7267D043700333086 /* ShapeMenuView.swift */; };
		4CF48BD82621F380009822DA /* SaveImageControl.swift in Sources */ = {isa = PBXBuildFile; fileRef = 4CF48BD72621F380009822DA /* SaveImageControl.swift */; };
		4CF48BDB26221FE5009822DA /* WallshapesNavigationController.swift in Sources */ = {isa = PBXBuildFile; fileRef = 4CF48BDA26221FE5009822DA /* WallshapesNavigationController.swift */; };
		4CF48BDF26222504009822DA /* UIAlertController+Extenison.swift in Sources */ = {isa = PBXBuildFile; fileRef = 4CF48BDE26222504009822DA /* UIAlertController+Extenison.swift */; };
		4CF48BF12624FB90009822DA /* AuthorizationAssests.swift in Sources */ = {isa = PBXBuildFile; fileRef = 4CF48BF02624FB90009822DA /* AuthorizationAssests.swift */; };
/* End PBXBuildFile section */

/* Begin PBXFileReference section */
		4C0F7830262B9F10001C26A5 /* FileControl.swift */ = {isa = PBXFileReference; lastKnownFileType = sourcecode.swift; path = FileControl.swift; sourceTree = "<group>"; };
		4C21D42526586CDB00116116 /* CustomMenuView.swift */ = {isa = PBXFileReference; lastKnownFileType = sourcecode.swift; path = CustomMenuView.swift; sourceTree = "<group>"; };
		4C21D427265872E100116116 /* ArrangeMenuView.swift */ = {isa = PBXFileReference; lastKnownFileType = sourcecode.swift; path = ArrangeMenuView.swift; sourceTree = "<group>"; };
		4C50EEF6261F50920096D630 /* WallshapesViewController.swift */ = {isa = PBXFileReference; fileEncoding = 4; lastKnownFileType = sourcecode.swift; path = WallshapesViewController.swift; sourceTree = "<group>"; };
		4C51FFA0260413320064CE04 /* ShapeViewControl.swift */ = {isa = PBXFileReference; lastKnownFileType = sourcecode.swift; path = ShapeViewControl.swift; sourceTree = "<group>"; };
		4C51FFA82605214F0064CE04 /* MiddleIndicatorView.swift */ = {isa = PBXFileReference; lastKnownFileType = sourcecode.swift; path = MiddleIndicatorView.swift; sourceTree = "<group>"; };
		4C570DB9262F369300FF2AF8 /* WallshapeViewControl.swift */ = {isa = PBXFileReference; lastKnownFileType = sourcecode.swift; path = WallshapeViewControl.swift; sourceTree = "<group>"; };
		4C5E8AA62627A62A00247C9F /* SaveImageHandlerError.swift */ = {isa = PBXFileReference; lastKnownFileType = sourcecode.swift; path = SaveImageHandlerError.swift; sourceTree = "<group>"; };
		4C5E8AAD2629AF3D00247C9F /* wallshape.json */ = {isa = PBXFileReference; lastKnownFileType = text.json; path = wallshape.json; sourceTree = "<group>"; };
		4C5E8AAE2629AFEE00247C9F /* JsonControl.swift */ = {isa = PBXFileReference; lastKnownFileType = sourcecode.swift; path = JsonControl.swift; sourceTree = "<group>"; };
		4C5E8AB22629B02400247C9F /* Codable+Extension.swift */ = {isa = PBXFileReference; lastKnownFileType = sourcecode.swift; path = "Codable+Extension.swift"; sourceTree = "<group>"; };
		4C5E8AB52629B05600247C9F /* WallshapeData.swift */ = {isa = PBXFileReference; lastKnownFileType = sourcecode.swift; path = WallshapeData.swift; sourceTree = "<group>"; };
		4C5E8AC12629C25200247C9F /* WallshapeModelHandler.swift */ = {isa = PBXFileReference; lastKnownFileType = sourcecode.swift; path = WallshapeModelHandler.swift; sourceTree = "<group>"; };
		4C6D313826B4889B00486429 /* LayoutShapeView.swift */ = {isa = PBXFileReference; lastKnownFileType = sourcecode.swift; path = LayoutShapeView.swift; sourceTree = "<group>"; };
		4C8092D4264B49E600DDD590 /* UIButton+Extension.swift */ = {isa = PBXFileReference; lastKnownFileType = sourcecode.swift; path = "UIButton+Extension.swift"; sourceTree = "<group>"; };
		4C837A712661782C001869DA /* MainMenuView.swift */ = {isa = PBXFileReference; lastKnownFileType = sourcecode.swift; path = MainMenuView.swift; sourceTree = "<group>"; };
		4C83C27C266ABE61008E97FE /* GridControl.swift */ = {isa = PBXFileReference; lastKnownFileType = sourcecode.swift; path = GridControl.swift; sourceTree = "<group>"; };
		4C90E1B526308D0B0043696C /* ModelControl.swift */ = {isa = PBXFileReference; lastKnownFileType = sourcecode.swift; path = ModelControl.swift; sourceTree = "<group>"; };
		4CB5EF4025ED88E800193A19 /* Wallshapes.app */ = {isa = PBXFileReference; explicitFileType = wrapper.application; includeInIndex = 0; path = Wallshapes.app; sourceTree = BUILT_PRODUCTS_DIR; };
		4CB5EF4325ED88E800193A19 /* AppDelegate.swift */ = {isa = PBXFileReference; lastKnownFileType = sourcecode.swift; path = AppDelegate.swift; sourceTree = "<group>"; };
		4CB5EF4525ED88E800193A19 /* SceneDelegate.swift */ = {isa = PBXFileReference; lastKnownFileType = sourcecode.swift; path = SceneDelegate.swift; sourceTree = "<group>"; };
		4CB5EF4C25ED88EA00193A19 /* Assets.xcassets */ = {isa = PBXFileReference; lastKnownFileType = folder.assetcatalog; path = Assets.xcassets; sourceTree = "<group>"; };
		4CB5EF4F25ED88EA00193A19 /* Base */ = {isa = PBXFileReference; lastKnownFileType = file.storyboard; name = Base; path = Base.lproj/LaunchScreen.storyboard; sourceTree = "<group>"; };
		4CB5EF5125ED88EA00193A19 /* Info.plist */ = {isa = PBXFileReference; lastKnownFileType = text.plist.xml; path = Info.plist; sourceTree = "<group>"; };
		4CB5EF5D25ED8A0600193A19 /* Array+Extension.swift */ = {isa = PBXFileReference; lastKnownFileType = sourcecode.swift; path = "Array+Extension.swift"; sourceTree = "<group>"; };
		4CB5EF6225ED8A2900193A19 /* UIImage+Extension.swift */ = {isa = PBXFileReference; lastKnownFileType = sourcecode.swift; path = "UIImage+Extension.swift"; sourceTree = "<group>"; };
		4CB5EF6725ED8A7200193A19 /* WallshapeView.swift */ = {isa = PBXFileReference; lastKnownFileType = sourcecode.swift; path = WallshapeView.swift; sourceTree = "<group>"; };
		4CB5EF6A25ED8A8300193A19 /* WallshapeModel.swift */ = {isa = PBXFileReference; lastKnownFileType = sourcecode.swift; path = WallshapeModel.swift; sourceTree = "<group>"; };
		4CB5EF6D25ED8ABB00193A19 /* ShapeView.swift */ = {isa = PBXFileReference; lastKnownFileType = sourcecode.swift; path = ShapeView.swift; sourceTree = "<group>"; };
		4CB5EF7325ED8B4E00193A19 /* UIColor+Extension.swift */ = {isa = PBXFileReference; lastKnownFileType = sourcecode.swift; path = "UIColor+Extension.swift"; sourceTree = "<group>"; };
		4CB5EF7825ED8BA100193A19 /* MenuShapeControl.swift */ = {isa = PBXFileReference; lastKnownFileType = sourcecode.swift; path = MenuShapeControl.swift; sourceTree = "<group>"; };
		4CB5EF7C25ED8BB500193A19 /* SlideMenu.swift */ = {isa = PBXFileReference; lastKnownFileType = sourcecode.swift; path = SlideMenu.swift; sourceTree = "<group>"; };
		4CB5EF8425ED9F9F00193A19 /* ShapeGesturesControl.swift */ = {isa = PBXFileReference; lastKnownFileType = sourcecode.swift; path = ShapeGesturesControl.swift; sourceTree = "<group>"; };
		4CB5EF8825F1537100193A19 /* CGPath+Extension.swift */ = {isa = PBXFileReference; lastKnownFileType = sourcecode.swift; path = "CGPath+Extension.swift"; sourceTree = "<group>"; };
		4CB5EF8B25F154D800193A19 /* UIView+Extension.swift */ = {isa = PBXFileReference; lastKnownFileType = sourcecode.swift; path = "UIView+Extension.swift"; sourceTree = "<group>"; };
		4CB5EF8F25F1570800193A19 /* CALayer+Extension.swift */ = {isa = PBXFileReference; lastKnownFileType = sourcecode.swift; path = "CALayer+Extension.swift"; sourceTree = "<group>"; };
		4CB5EF9E25F670E900193A19 /* UIApplication+Extension.swift */ = {isa = PBXFileReference; lastKnownFileType = sourcecode.swift; path = "UIApplication+Extension.swift"; sourceTree = "<group>"; };
		4CBE046E25FFCAD500C54C66 /* RenderIndicatorView.swift */ = {isa = PBXFileReference; lastKnownFileType = sourcecode.swift; path = RenderIndicatorView.swift; sourceTree = "<group>"; };
		4CD45EC7267D043700333086 /* ShapeMenuView.swift */ = {isa = PBXFileReference; lastKnownFileType = sourcecode.swift; path = ShapeMenuView.swift; sourceTree = "<group>"; };
		4CF48BD72621F380009822DA /* SaveImageControl.swift */ = {isa = PBXFileReference; lastKnownFileType = sourcecode.swift; path = SaveImageControl.swift; sourceTree = "<group>"; };
		4CF48BDA26221FE5009822DA /* WallshapesNavigationController.swift */ = {isa = PBXFileReference; lastKnownFileType = sourcecode.swift; path = WallshapesNavigationController.swift; sourceTree = "<group>"; };
		4CF48BDE26222504009822DA /* UIAlertController+Extenison.swift */ = {isa = PBXFileReference; lastKnownFileType = sourcecode.swift; path = "UIAlertController+Extenison.swift"; sourceTree = "<group>"; };
		4CF48BF02624FB90009822DA /* AuthorizationAssests.swift */ = {isa = PBXFileReference; lastKnownFileType = sourcecode.swift; path = AuthorizationAssests.swift; sourceTree = "<group>"; };
/* End PBXFileReference section */

/* Begin PBXFrameworksBuildPhase section */
		4CB5EF3D25ED88E800193A19 /* Frameworks */ = {
			isa = PBXFrameworksBuildPhase;
			buildActionMask = 2147483647;
			files = (
			);
			runOnlyForDeploymentPostprocessing = 0;
		};
/* End PBXFrameworksBuildPhase section */

/* Begin PBXGroup section */
		4C1340CA262B32E60070F7DC /* wallshapesjson */ = {
			isa = PBXGroup;
			children = (
				4C5E8AAD2629AF3D00247C9F /* wallshape.json */,
			);
			path = wallshapesjson;
			sourceTree = "<group>";
		};
		4C5E8AAC2629AF0300247C9F /* wallshapemodel */ = {
			isa = PBXGroup;
			children = (
				4C5E8AAE2629AFEE00247C9F /* JsonControl.swift */,
				4C0F7830262B9F10001C26A5 /* FileControl.swift */,
				4C5E8AB52629B05600247C9F /* WallshapeData.swift */,
				4CB5EF6A25ED8A8300193A19 /* WallshapeModel.swift */,
				4C5E8AC12629C25200247C9F /* WallshapeModelHandler.swift */,
				4C90E1B526308D0B0043696C /* ModelControl.swift */,
			);
			path = wallshapemodel;
			sourceTree = "<group>";
		};
		4C83C27B266ABE4C008E97FE /* grid */ = {
			isa = PBXGroup;
			children = (
				4C83C27C266ABE61008E97FE /* GridControl.swift */,
				4C51FFA82605214F0064CE04 /* MiddleIndicatorView.swift */,
			);
			path = grid;
			sourceTree = "<group>";
		};
		4CB5EF3725ED88E800193A19 = {
			isa = PBXGroup;
			children = (
				4CB5EF4225ED88E800193A19 /* Wallshapes */,
				4CB5EF4125ED88E800193A19 /* Products */,
			);
			sourceTree = "<group>";
		};
		4CB5EF4125ED88E800193A19 /* Products */ = {
			isa = PBXGroup;
			children = (
				4CB5EF4025ED88E800193A19 /* Wallshapes.app */,
			);
			name = Products;
			sourceTree = "<group>";
		};
		4CB5EF4225ED88E800193A19 /* Wallshapes */ = {
			isa = PBXGroup;
			children = (
				4C1340CA262B32E60070F7DC /* wallshapesjson */,
				4C5E8AAC2629AF0300247C9F /* wallshapemodel */,
				4CF48BEC2624BE05009822DA /* saveimages */,
				4CB5EF7F25ED8C1E00193A19 /* commonviews */,
				4CB5EF5C25ED89FB00193A19 /* extensions */,
				4C83C27B266ABE4C008E97FE /* grid */,
				4CB5EF7725ED8B8800193A19 /* menu */,
				4CB5EF6625ED8A6100193A19 /* wallshapeviews */,
				4CB5EF5A25ED89C100193A19 /* main */,
				4CB5EF4325ED88E800193A19 /* AppDelegate.swift */,
				4CB5EF4525ED88E800193A19 /* SceneDelegate.swift */,
				4CB5EF4C25ED88EA00193A19 /* Assets.xcassets */,
				4CB5EF4E25ED88EA00193A19 /* LaunchScreen.storyboard */,
				4CB5EF5125ED88EA00193A19 /* Info.plist */,
			);
			path = Wallshapes;
			sourceTree = "<group>";
		};
		4CB5EF5A25ED89C100193A19 /* main */ = {
			isa = PBXGroup;
			children = (
				4C50EEF6261F50920096D630 /* WallshapesViewController.swift */,
				4CF48BDA26221FE5009822DA /* WallshapesNavigationController.swift */,
			);
			path = main;
			sourceTree = "<group>";
		};
		4CB5EF5C25ED89FB00193A19 /* extensions */ = {
			isa = PBXGroup;
			children = (
				4CB5EF6225ED8A2900193A19 /* UIImage+Extension.swift */,
				4CB5EF5D25ED8A0600193A19 /* Array+Extension.swift */,
				4CB5EF7325ED8B4E00193A19 /* UIColor+Extension.swift */,
				4CB5EF8825F1537100193A19 /* CGPath+Extension.swift */,
				4CB5EF8B25F154D800193A19 /* UIView+Extension.swift */,
				4CB5EF8F25F1570800193A19 /* CALayer+Extension.swift */,
				4CB5EF9E25F670E900193A19 /* UIApplication+Extension.swift */,
				4CF48BDE26222504009822DA /* UIAlertController+Extenison.swift */,
				4C5E8AB22629B02400247C9F /* Codable+Extension.swift */,
				4C8092D4264B49E600DDD590 /* UIButton+Extension.swift */,
			);
			path = extensions;
			sourceTree = "<group>";
		};
		4CB5EF6625ED8A6100193A19 /* wallshapeviews */ = {
			isa = PBXGroup;
			children = (
				4CB5EF6725ED8A7200193A19 /* WallshapeView.swift */,
				4CB5EF6D25ED8ABB00193A19 /* ShapeView.swift */,
				4C570DB9262F369300FF2AF8 /* WallshapeViewControl.swift */,
				4CB5EF8425ED9F9F00193A19 /* ShapeGesturesControl.swift */,
			);
			path = wallshapeviews;
			sourceTree = "<group>";
		};
		4CB5EF7725ED8B8800193A19 /* menu */ = {
			isa = PBXGroup;
			children = (
				4CB5EF7C25ED8BB500193A19 /* SlideMenu.swift */,
				4C21D42526586CDB00116116 /* CustomMenuView.swift */,
				4CD45EC7267D043700333086 /* ShapeMenuView.swift */,
				4C21D427265872E100116116 /* ArrangeMenuView.swift */,
				4C837A712661782C001869DA /* MainMenuView.swift */,
				4CB5EF7825ED8BA100193A19 /* MenuShapeControl.swift */,
				4C51FFA0260413320064CE04 /* ShapeViewControl.swift */,
				4C6D313826B4889B00486429 /* LayoutShapeView.swift */,
			);
			path = menu;
			sourceTree = "<group>";
		};
		4CB5EF7F25ED8C1E00193A19 /* commonviews */ = {
			isa = PBXGroup;
			children = (
				4CBE046E25FFCAD500C54C66 /* RenderIndicatorView.swift */,
			);
			path = commonviews;
			sourceTree = "<group>";
		};
		4CF48BEC2624BE05009822DA /* saveimages */ = {
			isa = PBXGroup;
			children = (
				4CF48BF02624FB90009822DA /* AuthorizationAssests.swift */,
				4CF48BD72621F380009822DA /* SaveImageControl.swift */,
				4C5E8AA62627A62A00247C9F /* SaveImageHandlerError.swift */,
			);
			path = saveimages;
			sourceTree = "<group>";
		};
/* End PBXGroup section */

/* Begin PBXNativeTarget section */
		4CB5EF3F25ED88E800193A19 /* Wallshapes */ = {
			isa = PBXNativeTarget;
			buildConfigurationList = 4CB5EF5425ED88EA00193A19 /* Build configuration list for PBXNativeTarget "Wallshapes" */;
			buildPhases = (
				4CB5EF3C25ED88E800193A19 /* Sources */,
				4CB5EF3D25ED88E800193A19 /* Frameworks */,
				4CB5EF3E25ED88E800193A19 /* Resources */,
				4C837A772667E254001869DA /* ShellScript */,
			);
			buildRules = (
			);
			dependencies = (
			);
			name = Wallshapes;
			productName = WallShapes;
			productReference = 4CB5EF4025ED88E800193A19 /* Wallshapes.app */;
			productType = "com.apple.product-type.application";
		};
/* End PBXNativeTarget section */

/* Begin PBXProject section */
		4CB5EF3825ED88E800193A19 /* Project object */ = {
			isa = PBXProject;
			attributes = {
				LastSwiftUpdateCheck = 1240;
				LastUpgradeCheck = 1240;
				TargetAttributes = {
					4CB5EF3F25ED88E800193A19 = {
						CreatedOnToolsVersion = 12.4;
					};
				};
			};
			buildConfigurationList = 4CB5EF3B25ED88E800193A19 /* Build configuration list for PBXProject "Wallshapes" */;
			compatibilityVersion = "Xcode 9.3";
			developmentRegion = en;
			hasScannedForEncodings = 0;
			knownRegions = (
				en,
				Base,
			);
			mainGroup = 4CB5EF3725ED88E800193A19;
			productRefGroup = 4CB5EF4125ED88E800193A19 /* Products */;
			projectDirPath = "";
			projectRoot = "";
			targets = (
				4CB5EF3F25ED88E800193A19 /* Wallshapes */,
			);
		};
/* End PBXProject section */

/* Begin PBXResourcesBuildPhase section */
		4CB5EF3E25ED88E800193A19 /* Resources */ = {
			isa = PBXResourcesBuildPhase;
			buildActionMask = 2147483647;
			files = (
				4C5E8ABE2629BD2800247C9F /* wallshape.json in Resources */,
				4CB5EF5025ED88EA00193A19 /* LaunchScreen.storyboard in Resources */,
				4CB5EF4D25ED88EA00193A19 /* Assets.xcassets in Resources */,
			);
			runOnlyForDeploymentPostprocessing = 0;
		};
/* End PBXResourcesBuildPhase section */

/* Begin PBXShellScriptBuildPhase section */
		4C837A772667E254001869DA /* ShellScript */ = {
			isa = PBXShellScriptBuildPhase;
			buildActionMask = 12;
			files = (
			);
			inputFileListPaths = (
			);
			inputPaths = (
			);
			outputFileListPaths = (
			);
			outputPaths = (
			);
			runOnlyForDeploymentPostprocessing = 0;
			shellPath = /bin/sh;
			shellScript = "if which swiftlint >/dev/null; then\n  swiftlint\nelse\n  echo \"warning: SwiftLint not installed, download from https://github.com/realm/SwiftLint\"\nfi\n";
		};
/* End PBXShellScriptBuildPhase section */

/* Begin PBXSourcesBuildPhase section */
		4CB5EF3C25ED88E800193A19 /* Sources */ = {
			isa = PBXSourcesBuildPhase;
			buildActionMask = 2147483647;
			files = (
				4CD45EC8267D043700333086 /* ShapeMenuView.swift in Sources */,
				4C51FFA1260413320064CE04 /* ShapeViewControl.swift in Sources */,
				4C90E1B626308D0B0043696C /* ModelControl.swift in Sources */,
				4C50EEF7261F50920096D630 /* WallshapesViewController.swift in Sources */,
				4CB5EF8C25F154D800193A19 /* UIView+Extension.swift in Sources */,
				4C8092D5264B49E600DDD590 /* UIButton+Extension.swift in Sources */,
				4C6D313926B4889B00486429 /* LayoutShapeView.swift in Sources */,
				4CB5EF5E25ED8A0600193A19 /* Array+Extension.swift in Sources */,
				4CB5EF6325ED8A2900193A19 /* UIImage+Extension.swift in Sources */,
				4CF48BD82621F380009822DA /* SaveImageControl.swift in Sources */,
				4CB5EF6B25ED8A8300193A19 /* WallshapeModel.swift in Sources */,
				4C570DBA262F369300FF2AF8 /* WallshapeViewControl.swift in Sources */,
				4CB5EF6825ED8A7200193A19 /* WallshapeView.swift in Sources */,
				4C5E8AAF2629AFEE00247C9F /* JsonControl.swift in Sources */,
				4CB5EF9F25F670E900193A19 /* UIApplication+Extension.swift in Sources */,
				4CF48BF12624FB90009822DA /* AuthorizationAssests.swift in Sources */,
				4CB5EF8525ED9F9F00193A19 /* ShapeGesturesControl.swift in Sources */,
				4C5E8AB32629B02400247C9F /* Codable+Extension.swift in Sources */,
				4C51FFA92605214F0064CE04 /* MiddleIndicatorView.swift in Sources */,
				4CB5EF4425ED88E800193A19 /* AppDelegate.swift in Sources */,
				4C5E8AB62629B05600247C9F /* WallshapeData.swift in Sources */,
				4C21D428265872E100116116 /* ArrangeMenuView.swift in Sources */,
				4C837A722661782C001869DA /* MainMenuView.swift in Sources */,
				4CB5EF9025F1570800193A19 /* CALayer+Extension.swift in Sources */,
				4CB5EF8925F1537100193A19 /* CGPath+Extension.swift in Sources */,
				4CB5EF6E25ED8ABB00193A19 /* ShapeView.swift in Sources */,
				4C83C27D266ABE61008E97FE /* GridControl.swift in Sources */,
				4CBE046F25FFCAD500C54C66 /* RenderIndicatorView.swift in Sources */,
				4CB5EF7D25ED8BB500193A19 /* SlideMenu.swift in Sources */,
				4C0F7831262B9F10001C26A5 /* FileControl.swift in Sources */,
				4C21D42626586CDB00116116 /* CustomMenuView.swift in Sources */,
				4CB5EF7925ED8BA100193A19 /* MenuShapeControl.swift in Sources */,
				4CF48BDB26221FE5009822DA /* WallshapesNavigationController.swift in Sources */,
				4CB5EF4625ED88E800193A19 /* SceneDelegate.swift in Sources */,
				4C5E8AA72627A62A00247C9F /* SaveImageHandlerError.swift in Sources */,
				4C5E8AC22629C25200247C9F /* WallshapeModelHandler.swift in Sources */,
				4CF48BDF26222504009822DA /* UIAlertController+Extenison.swift in Sources */,
				4CB5EF7425ED8B4E00193A19 /* UIColor+Extension.swift in Sources */,
			);
			runOnlyForDeploymentPostprocessing = 0;
		};
/* End PBXSourcesBuildPhase section */

/* Begin PBXVariantGroup section */
		4CB5EF4E25ED88EA00193A19 /* LaunchScreen.storyboard */ = {
			isa = PBXVariantGroup;
			children = (
				4CB5EF4F25ED88EA00193A19 /* Base */,
			);
			name = LaunchScreen.storyboard;
			sourceTree = "<group>";
		};
/* End PBXVariantGroup section */

/* Begin XCBuildConfiguration section */
		4CB5EF5225ED88EA00193A19 /* Debug */ = {
			isa = XCBuildConfiguration;
			buildSettings = {
				ALWAYS_SEARCH_USER_PATHS = NO;
				CLANG_ANALYZER_NONNULL = YES;
				CLANG_ANALYZER_NUMBER_OBJECT_CONVERSION = YES_AGGRESSIVE;
				CLANG_CXX_LANGUAGE_STANDARD = "gnu++14";
				CLANG_CXX_LIBRARY = "libc++";
				CLANG_ENABLE_MODULES = YES;
				CLANG_ENABLE_OBJC_ARC = YES;
				CLANG_ENABLE_OBJC_WEAK = YES;
				CLANG_WARN_BLOCK_CAPTURE_AUTORELEASING = YES;
				CLANG_WARN_BOOL_CONVERSION = YES;
				CLANG_WARN_COMMA = YES;
				CLANG_WARN_CONSTANT_CONVERSION = YES;
				CLANG_WARN_DEPRECATED_OBJC_IMPLEMENTATIONS = YES;
				CLANG_WARN_DIRECT_OBJC_ISA_USAGE = YES_ERROR;
				CLANG_WARN_DOCUMENTATION_COMMENTS = YES;
				CLANG_WARN_EMPTY_BODY = YES;
				CLANG_WARN_ENUM_CONVERSION = YES;
				CLANG_WARN_INFINITE_RECURSION = YES;
				CLANG_WARN_INT_CONVERSION = YES;
				CLANG_WARN_NON_LITERAL_NULL_CONVERSION = YES;
				CLANG_WARN_OBJC_IMPLICIT_RETAIN_SELF = YES;
				CLANG_WARN_OBJC_LITERAL_CONVERSION = YES;
				CLANG_WARN_OBJC_ROOT_CLASS = YES_ERROR;
				CLANG_WARN_QUOTED_INCLUDE_IN_FRAMEWORK_HEADER = YES;
				CLANG_WARN_RANGE_LOOP_ANALYSIS = YES;
				CLANG_WARN_STRICT_PROTOTYPES = YES;
				CLANG_WARN_SUSPICIOUS_MOVE = YES;
				CLANG_WARN_UNGUARDED_AVAILABILITY = YES_AGGRESSIVE;
				CLANG_WARN_UNREACHABLE_CODE = YES;
				CLANG_WARN__DUPLICATE_METHOD_MATCH = YES;
				COPY_PHASE_STRIP = NO;
				DEBUG_INFORMATION_FORMAT = dwarf;
				ENABLE_STRICT_OBJC_MSGSEND = YES;
				ENABLE_TESTABILITY = YES;
				GCC_C_LANGUAGE_STANDARD = gnu11;
				GCC_DYNAMIC_NO_PIC = NO;
				GCC_NO_COMMON_BLOCKS = YES;
				GCC_OPTIMIZATION_LEVEL = 0;
				GCC_PREPROCESSOR_DEFINITIONS = (
					"DEBUG=1",
					"$(inherited)",
				);
				GCC_WARN_64_TO_32_BIT_CONVERSION = YES;
				GCC_WARN_ABOUT_RETURN_TYPE = YES_ERROR;
				GCC_WARN_UNDECLARED_SELECTOR = YES;
				GCC_WARN_UNINITIALIZED_AUTOS = YES_AGGRESSIVE;
				GCC_WARN_UNUSED_FUNCTION = YES;
				GCC_WARN_UNUSED_VARIABLE = YES;
				INSTALL_PATH = /Applications;
				IPHONEOS_DEPLOYMENT_TARGET = 12.1;
				MTL_ENABLE_DEBUG_INFO = INCLUDE_SOURCE;
				MTL_FAST_MATH = YES;
				ONLY_ACTIVE_ARCH = YES;
				SDKROOT = iphoneos;
				SKIP_INSTALL = YES;
				SWIFT_ACTIVE_COMPILATION_CONDITIONS = DEBUG;
				SWIFT_OPTIMIZATION_LEVEL = "-Onone";
			};
			name = Debug;
		};
		4CB5EF5325ED88EA00193A19 /* Release */ = {
			isa = XCBuildConfiguration;
			buildSettings = {
				ALWAYS_SEARCH_USER_PATHS = NO;
				CLANG_ANALYZER_NONNULL = YES;
				CLANG_ANALYZER_NUMBER_OBJECT_CONVERSION = YES_AGGRESSIVE;
				CLANG_CXX_LANGUAGE_STANDARD = "gnu++14";
				CLANG_CXX_LIBRARY = "libc++";
				CLANG_ENABLE_MODULES = YES;
				CLANG_ENABLE_OBJC_ARC = YES;
				CLANG_ENABLE_OBJC_WEAK = YES;
				CLANG_WARN_BLOCK_CAPTURE_AUTORELEASING = YES;
				CLANG_WARN_BOOL_CONVERSION = YES;
				CLANG_WARN_COMMA = YES;
				CLANG_WARN_CONSTANT_CONVERSION = YES;
				CLANG_WARN_DEPRECATED_OBJC_IMPLEMENTATIONS = YES;
				CLANG_WARN_DIRECT_OBJC_ISA_USAGE = YES_ERROR;
				CLANG_WARN_DOCUMENTATION_COMMENTS = YES;
				CLANG_WARN_EMPTY_BODY = YES;
				CLANG_WARN_ENUM_CONVERSION = YES;
				CLANG_WARN_INFINITE_RECURSION = YES;
				CLANG_WARN_INT_CONVERSION = YES;
				CLANG_WARN_NON_LITERAL_NULL_CONVERSION = YES;
				CLANG_WARN_OBJC_IMPLICIT_RETAIN_SELF = YES;
				CLANG_WARN_OBJC_LITERAL_CONVERSION = YES;
				CLANG_WARN_OBJC_ROOT_CLASS = YES_ERROR;
				CLANG_WARN_QUOTED_INCLUDE_IN_FRAMEWORK_HEADER = YES;
				CLANG_WARN_RANGE_LOOP_ANALYSIS = YES;
				CLANG_WARN_STRICT_PROTOTYPES = YES;
				CLANG_WARN_SUSPICIOUS_MOVE = YES;
				CLANG_WARN_UNGUARDED_AVAILABILITY = YES_AGGRESSIVE;
				CLANG_WARN_UNREACHABLE_CODE = YES;
				CLANG_WARN__DUPLICATE_METHOD_MATCH = YES;
				COPY_PHASE_STRIP = NO;
				DEBUG_INFORMATION_FORMAT = "dwarf-with-dsym";
				ENABLE_NS_ASSERTIONS = NO;
				ENABLE_STRICT_OBJC_MSGSEND = YES;
				GCC_C_LANGUAGE_STANDARD = gnu11;
				GCC_NO_COMMON_BLOCKS = YES;
				GCC_WARN_64_TO_32_BIT_CONVERSION = YES;
				GCC_WARN_ABOUT_RETURN_TYPE = YES_ERROR;
				GCC_WARN_UNDECLARED_SELECTOR = YES;
				GCC_WARN_UNINITIALIZED_AUTOS = YES_AGGRESSIVE;
				GCC_WARN_UNUSED_FUNCTION = YES;
				GCC_WARN_UNUSED_VARIABLE = YES;
				INSTALL_PATH = /Applications;
				IPHONEOS_DEPLOYMENT_TARGET = 12.1;
				MTL_ENABLE_DEBUG_INFO = NO;
				MTL_FAST_MATH = YES;
				SDKROOT = iphoneos;
				SKIP_INSTALL = YES;
				SWIFT_COMPILATION_MODE = wholemodule;
				SWIFT_OPTIMIZATION_LEVEL = "-O";
				VALIDATE_PRODUCT = YES;
			};
			name = Release;
		};
		4CB5EF5525ED88EA00193A19 /* Debug */ = {
			isa = XCBuildConfiguration;
			buildSettings = {
				ASSETCATALOG_COMPILER_APPICON_NAME = AppIcon;
				ASSETCATALOG_COMPILER_GLOBAL_ACCENT_COLOR_NAME = AccentColor;
				CODE_SIGN_IDENTITY = "Apple Development";
				CODE_SIGN_STYLE = Automatic;
				CURRENT_PROJECT_VERSION = 1.6;
				DEVELOPMENT_TEAM = 3F274MB2RL;
				INFOPLIST_FILE = Wallshapes/Info.plist;
				LD_RUNPATH_SEARCH_PATHS = (
					"$(inherited)",
					"@executable_path/Frameworks",
				);
				MARKETING_VERSION = 1.1.3;
				PRODUCT_BUNDLE_IDENTIFIER = app.wallshapes;
				PRODUCT_NAME = "$(TARGET_NAME)";
				PROVISIONING_PROFILE_SPECIFIER = "";
				SKIP_INSTALL = NO;
				SWIFT_VERSION = 5.0;
				TARGETED_DEVICE_FAMILY = "1,2";
			};
			name = Debug;
		};
		4CB5EF5625ED88EA00193A19 /* Release */ = {
			isa = XCBuildConfiguration;
			buildSettings = {
				ASSETCATALOG_COMPILER_APPICON_NAME = AppIcon;
				ASSETCATALOG_COMPILER_GLOBAL_ACCENT_COLOR_NAME = AccentColor;
				CODE_SIGN_IDENTITY = "Apple Development";
				CODE_SIGN_STYLE = Automatic;
				CURRENT_PROJECT_VERSION = 1.6;
				DEVELOPMENT_TEAM = 3F274MB2RL;
				INFOPLIST_FILE = Wallshapes/Info.plist;
				LD_RUNPATH_SEARCH_PATHS = (
					"$(inherited)",
					"@executable_path/Frameworks",
				);
				MARKETING_VERSION = 1.1.3;
				PRODUCT_BUNDLE_IDENTIFIER = app.wallshapes;
				PRODUCT_NAME = "$(TARGET_NAME)";
				PROVISIONING_PROFILE_SPECIFIER = "";
				SKIP_INSTALL = NO;
				SWIFT_VERSION = 5.0;
				TARGETED_DEVICE_FAMILY = "1,2";
			};
			name = Release;
		};
/* End XCBuildConfiguration section */

/* Begin XCConfigurationList section */
		4CB5EF3B25ED88E800193A19 /* Build configuration list for PBXProject "Wallshapes" */ = {
			isa = XCConfigurationList;
			buildConfigurations = (
				4CB5EF5225ED88EA00193A19 /* Debug */,
				4CB5EF5325ED88EA00193A19 /* Release */,
			);
			defaultConfigurationIsVisible = 0;
			defaultConfigurationName = Release;
		};
		4CB5EF5425ED88EA00193A19 /* Build configuration list for PBXNativeTarget "Wallshapes" */ = {
			isa = XCConfigurationList;
			buildConfigurations = (
				4CB5EF5525ED88EA00193A19 /* Debug */,
				4CB5EF5625ED88EA00193A19 /* Release */,
			);
			defaultConfigurationIsVisible = 0;
			defaultConfigurationName = Release;
		};
/* End XCConfigurationList section */
	};
	rootObject = 4CB5EF3825ED88E800193A19 /* Project object */;
}
